// !$*UTF8*$!
{
	archiveVersion = 1;
	classes = {
	};
	objectVersion = 56;
	objects = {

/* Begin PBXBuildFile section */
		FC65D5CC29F5DA8900767204 /* CLONEApp.swift in Sources */ = {isa = PBXBuildFile; fileRef = FC65D5CB29F5DA8900767204 /* CLONEApp.swift */; };
		FC65D5CE29F5DA8900767204 /* ContentView.swift in Sources */ = {isa = PBXBuildFile; fileRef = FC65D5CD29F5DA8900767204 /* ContentView.swift */; };
		FC65D5D029F5DA8A00767204 /* Assets.xcassets in Resources */ = {isa = PBXBuildFile; fileRef = FC65D5CF29F5DA8A00767204 /* Assets.xcassets */; };
		FC65D5D329F5DA8A00767204 /* Preview Assets.xcassets in Resources */ = {isa = PBXBuildFile; fileRef = FC65D5D229F5DA8A00767204 /* Preview Assets.xcassets */; };
		FC65D5DB29F5DAA400767204 /* Home.swift in Sources */ = {isa = PBXBuildFile; fileRef = FC65D5DA29F5DAA400767204 /* Home.swift */; };
		FC65D5DD29F5DAC400767204 /* postview.swift in Sources */ = {isa = PBXBuildFile; fileRef = FC65D5DC29F5DAC400767204 /* postview.swift */; };
		FC65D5DF29F5DAF800767204 /* postinfo.swift in Sources */ = {isa = PBXBuildFile; fileRef = FC65D5DE29F5DAF800767204 /* postinfo.swift */; };
		FC65D5E129F5DB1500767204 /* frameview2.swift in Sources */ = {isa = PBXBuildFile; fileRef = FC65D5E029F5DB1500767204 /* frameview2.swift */; };
		FC65D5E329F5DB4900767204 /* symbolview.swift in Sources */ = {isa = PBXBuildFile; fileRef = FC65D5E229F5DB4900767204 /* symbolview.swift */; };
		FC65D5E529F5DB5B00767204 /* symbolview2.swift in Sources */ = {isa = PBXBuildFile; fileRef = FC65D5E429F5DB5B00767204 /* symbolview2.swift */; };
		FC65D5E729F5DB8000767204 /* ENUMVIEW.swift in Sources */ = {isa = PBXBuildFile; fileRef = FC65D5E629F5DB8000767204 /* ENUMVIEW.swift */; };
		FC65D5EA29F5DBD600767204 /* STATUSVIEW.swift in Sources */ = {isa = PBXBuildFile; fileRef = FC65D5E929F5DBD600767204 /* STATUSVIEW.swift */; };
		FC65D5EC29F5DBF000767204 /* INSTAGRAMtOPVIEW.swift in Sources */ = {isa = PBXBuildFile; fileRef = FC65D5EB29F5DBF000767204 /* INSTAGRAMtOPVIEW.swift */; };
		FC65D5EF29F5DD6F00767204 /* SEARCHVIEW.swift in Sources */ = {isa = PBXBuildFile; fileRef = FC65D5EE29F5DD6F00767204 /* SEARCHVIEW.swift */; };
		FC65D5F129F5DD8D00767204 /* GRID.swift in Sources */ = {isa = PBXBuildFile; fileRef = FC65D5F029F5DD8D00767204 /* GRID.swift */; };
		FC65D5F629F5DDF000767204 /* uploadview.swift in Sources */ = {isa = PBXBuildFile; fileRef = FC65D5F529F5DDF000767204 /* uploadview.swift */; };
		FC65D5F929F5DE0C00767204 /* Reels.swift in Sources */ = {isa = PBXBuildFile; fileRef = FC65D5F829F5DE0C00767204 /* Reels.swift */; };
		FC65D5FC29F5DE6400767204 /* addnewaccount.swift in Sources */ = {isa = PBXBuildFile; fileRef = FC65D5FB29F5DE6400767204 /* addnewaccount.swift */; };
		FC65D5FF29F5DE9400767204 /* profileview.swift in Sources */ = {isa = PBXBuildFile; fileRef = FC65D5FE29F5DE9400767204 /* profileview.swift */; };
		FC65D60129F5DEAD00767204 /* editing.swift in Sources */ = {isa = PBXBuildFile; fileRef = FC65D60029F5DEAD00767204 /* editing.swift */; };
		FC65D60329F5DECA00767204 /* Followers.swift in Sources */ = {isa = PBXBuildFile; fileRef = FC65D60229F5DECA00767204 /* Followers.swift */; };
		FC65D60629F5DF7100767204 /* notificationView.swift in Sources */ = {isa = PBXBuildFile; fileRef = FC65D60529F5DF7100767204 /* notificationView.swift */; };
		FC65D60929F5E2D500767204 /* Main.swift in Sources */ = {isa = PBXBuildFile; fileRef = FC65D60829F5E2D500767204 /* Main.swift */; };
		FC65D60B29F5E42100767204 /* GoogleService-Info.plist in Resources */ = {isa = PBXBuildFile; fileRef = FC65D60A29F5E42100767204 /* GoogleService-Info.plist */; };
		FC65D61C29F5E57D00767204 /* LOGINVIEW.swift in Sources */ = {isa = PBXBuildFile; fileRef = FC65D61B29F5E57D00767204 /* LOGINVIEW.swift */; };
		FC65D62029F5E7ED00767204 /* GreatVibes-Regular.ttf in Resources */ = {isa = PBXBuildFile; fileRef = FC65D61F29F5E7ED00767204 /* GreatVibes-Regular.ttf */; };
		FC65D62229F5F20900767204 /* signup.swift in Sources */ = {isa = PBXBuildFile; fileRef = FC65D62129F5F20900767204 /* signup.swift */; };
		FC65D62429F6122F00767204 /* Authviewmodel.swift in Sources */ = {isa = PBXBuildFile; fileRef = FC65D62329F6122E00767204 /* Authviewmodel.swift */; };
		FC65D62729F614F300767204 /* FirebaseAuth in Frameworks */ = {isa = PBXBuildFile; productRef = FC65D62629F614F300767204 /* FirebaseAuth */; };
		FC65D62929F614F300767204 /* FirebaseDatabase in Frameworks */ = {isa = PBXBuildFile; productRef = FC65D62829F614F300767204 /* FirebaseDatabase */; };
		FC65D62B29F614F300767204 /* FirebaseFirestore in Frameworks */ = {isa = PBXBuildFile; productRef = FC65D62A29F614F300767204 /* FirebaseFirestore */; };
		FC65D62D29F614F300767204 /* FirebaseFirestoreSwift in Frameworks */ = {isa = PBXBuildFile; productRef = FC65D62C29F614F300767204 /* FirebaseFirestoreSwift */; };
		FC65D62F29F614F300767204 /* FirebaseFunctions in Frameworks */ = {isa = PBXBuildFile; productRef = FC65D62E29F614F300767204 /* FirebaseFunctions */; };
		FC65D63129F614F300767204 /* FirebaseStorage in Frameworks */ = {isa = PBXBuildFile; productRef = FC65D63029F614F300767204 /* FirebaseStorage */; };
		FC65D63329F6F1A100767204 /* usersearchview.swift in Sources */ = {isa = PBXBuildFile; fileRef = FC65D63229F6F1A100767204 /* usersearchview.swift */; };
		FC65D63729F6F24900767204 /* User.swift in Sources */ = {isa = PBXBuildFile; fileRef = FC65D63629F6F24900767204 /* User.swift */; };
		FC65D63929F6F2D000767204 /* fetchUserviewmodel.swift in Sources */ = {isa = PBXBuildFile; fileRef = FC65D63829F6F2D000767204 /* fetchUserviewmodel.swift */; };
		FC65D63B29F6F4EC00767204 /* allusers.swift in Sources */ = {isa = PBXBuildFile; fileRef = FC65D63A29F6F4EC00767204 /* allusers.swift */; };
		FC65D63D29F703AD00767204 /* profilebutton.swift in Sources */ = {isa = PBXBuildFile; fileRef = FC65D63C29F703AD00767204 /* profilebutton.swift */; };
		FC65D63F29F709AD00767204 /* countview.swift in Sources */ = {isa = PBXBuildFile; fileRef = FC65D63E29F709AD00767204 /* countview.swift */; };
		FC65D64229F71D2E00767204 /* Firebasepicker.swift in Sources */ = {isa = PBXBuildFile; fileRef = FC65D64129F71D2E00767204 /* Firebasepicker.swift */; };
		FC65D64429F71D3700767204 /* imagepickers.swift in Sources */ = {isa = PBXBuildFile; fileRef = FC65D64329F71D3700767204 /* imagepickers.swift */; };
		FC65D64829F7250E00767204 /* uploadmodel.swift in Sources */ = {isa = PBXBuildFile; fileRef = FC65D64729F7250E00767204 /* uploadmodel.swift */; };
		FC65D64A29F726BF00767204 /* uploadviewmodel.swift in Sources */ = {isa = PBXBuildFile; fileRef = FC65D64929F726BF00767204 /* uploadviewmodel.swift */; };
		FC65D64C29F72FFE00767204 /* fetchposts.swift in Sources */ = {isa = PBXBuildFile; fileRef = FC65D64B29F72FFE00767204 /* fetchposts.swift */; };
		FC65D64F29F7340C00767204 /* Kingfisher in Frameworks */ = {isa = PBXBuildFile; productRef = FC65D64E29F7340C00767204 /* Kingfisher */; };
		FC65D65129F737AB00767204 /* Tagpeople.swift in Sources */ = {isa = PBXBuildFile; fileRef = FC65D65029F737AB00767204 /* Tagpeople.swift */; };
		FC65D65529F745F700767204 /* taggedsheet.swift in Sources */ = {isa = PBXBuildFile; fileRef = FC65D65429F745F700767204 /* taggedsheet.swift */; };
		FC65D65729F74AAB00767204 /* od.swift in Sources */ = {isa = PBXBuildFile; fileRef = FC65D65629F74AAB00767204 /* od.swift */; };
		FC65D65A29F8427400767204 /* Likes.swift in Sources */ = {isa = PBXBuildFile; fileRef = FC65D65929F8427400767204 /* Likes.swift */; };
		FC65D65D29F8A01100767204 /* commentview.swift in Sources */ = {isa = PBXBuildFile; fileRef = FC65D65C29F8A01100767204 /* commentview.swift */; };
		FC65D65F29F982AA00767204 /* onecomment.swift in Sources */ = {isa = PBXBuildFile; fileRef = FC65D65E29F982AA00767204 /* onecomment.swift */; };
		FC65D66129F987A700767204 /* coomentReply.swift in Sources */ = {isa = PBXBuildFile; fileRef = FC65D66029F987A700767204 /* coomentReply.swift */; };
		FC9FED7F29F98DCB005A92E3 /* commentviewmodel.swift in Sources */ = {isa = PBXBuildFile; fileRef = FC9FED7E29F98DCB005A92E3 /* commentviewmodel.swift */; };
		FC9FED8129F9B3E8005A92E3 /* commentmodel.swift in Sources */ = {isa = PBXBuildFile; fileRef = FC9FED8029F9B3E8005A92E3 /* commentmodel.swift */; };
		FC9FED8529F9D1E5005A92E3 /* CommentsExperimentview.swift in Sources */ = {isa = PBXBuildFile; fileRef = FC9FED8429F9D1E5005A92E3 /* CommentsExperimentview.swift */; };
		FC9FED8729F9D775005A92E3 /* commentreplyviewmodel.swift in Sources */ = {isa = PBXBuildFile; fileRef = FC9FED8629F9D775005A92E3 /* commentreplyviewmodel.swift */; };
		FC9FED8929F9F1D8005A92E3 /* commentreplymodel2.swift in Sources */ = {isa = PBXBuildFile; fileRef = FC9FED8829F9F1D8005A92E3 /* commentreplymodel2.swift */; };
		FC9FED8B29FA0044005A92E3 /* commentreply.swift in Sources */ = {isa = PBXBuildFile; fileRef = FC9FED8A29FA0043005A92E3 /* commentreply.swift */; };
		FCAFC40A29FB2FEB00594A5A /* profilefilter.swift in Sources */ = {isa = PBXBuildFile; fileRef = FCAFC40929FB2FEB00594A5A /* profilefilter.swift */; };
		FCAFC40C29FB301E00594A5A /* profulefilteeview.swift in Sources */ = {isa = PBXBuildFile; fileRef = FCAFC40B29FB301E00594A5A /* profulefilteeview.swift */; };
		FCAFC40E29FB305100594A5A /* gridowmphotos.swift in Sources */ = {isa = PBXBuildFile; fileRef = FCAFC40D29FB305100594A5A /* gridowmphotos.swift */; };
		FCAFC41029FB308000594A5A /* fetchownposts.swift in Sources */ = {isa = PBXBuildFile; fileRef = FCAFC40F29FB308000594A5A /* fetchownposts.swift */; };
/* End PBXBuildFile section */

/* Begin PBXFileReference section */
		FC65D5C829F5DA8900767204 /* CLONE.app */ = {isa = PBXFileReference; explicitFileType = wrapper.application; includeInIndex = 0; path = CLONE.app; sourceTree = BUILT_PRODUCTS_DIR; };
		FC65D5CB29F5DA8900767204 /* CLONEApp.swift */ = {isa = PBXFileReference; lastKnownFileType = sourcecode.swift; path = CLONEApp.swift; sourceTree = "<group>"; };
		FC65D5CD29F5DA8900767204 /* ContentView.swift */ = {isa = PBXFileReference; lastKnownFileType = sourcecode.swift; path = ContentView.swift; sourceTree = "<group>"; };
		FC65D5CF29F5DA8A00767204 /* Assets.xcassets */ = {isa = PBXFileReference; lastKnownFileType = folder.assetcatalog; path = Assets.xcassets; sourceTree = "<group>"; };
		FC65D5D229F5DA8A00767204 /* Preview Assets.xcassets */ = {isa = PBXFileReference; lastKnownFileType = folder.assetcatalog; path = "Preview Assets.xcassets"; sourceTree = "<group>"; };
		FC65D5DA29F5DAA400767204 /* Home.swift */ = {isa = PBXFileReference; lastKnownFileType = sourcecode.swift; path = Home.swift; sourceTree = "<group>"; };
		FC65D5DC29F5DAC400767204 /* postview.swift */ = {isa = PBXFileReference; lastKnownFileType = sourcecode.swift; path = postview.swift; sourceTree = "<group>"; };
		FC65D5DE29F5DAF800767204 /* postinfo.swift */ = {isa = PBXFileReference; lastKnownFileType = sourcecode.swift; path = postinfo.swift; sourceTree = "<group>"; };
		FC65D5E029F5DB1500767204 /* frameview2.swift */ = {isa = PBXFileReference; lastKnownFileType = sourcecode.swift; path = frameview2.swift; sourceTree = "<group>"; };
		FC65D5E229F5DB4900767204 /* symbolview.swift */ = {isa = PBXFileReference; lastKnownFileType = sourcecode.swift; path = symbolview.swift; sourceTree = "<group>"; };
		FC65D5E429F5DB5B00767204 /* symbolview2.swift */ = {isa = PBXFileReference; lastKnownFileType = sourcecode.swift; path = symbolview2.swift; sourceTree = "<group>"; };
		FC65D5E629F5DB8000767204 /* ENUMVIEW.swift */ = {isa = PBXFileReference; lastKnownFileType = sourcecode.swift; path = ENUMVIEW.swift; sourceTree = "<group>"; };
		FC65D5E929F5DBD600767204 /* STATUSVIEW.swift */ = {isa = PBXFileReference; lastKnownFileType = sourcecode.swift; path = STATUSVIEW.swift; sourceTree = "<group>"; };
		FC65D5EB29F5DBF000767204 /* INSTAGRAMtOPVIEW.swift */ = {isa = PBXFileReference; lastKnownFileType = sourcecode.swift; path = INSTAGRAMtOPVIEW.swift; sourceTree = "<group>"; };
		FC65D5EE29F5DD6F00767204 /* SEARCHVIEW.swift */ = {isa = PBXFileReference; lastKnownFileType = sourcecode.swift; path = SEARCHVIEW.swift; sourceTree = "<group>"; };
		FC65D5F029F5DD8D00767204 /* GRID.swift */ = {isa = PBXFileReference; lastKnownFileType = sourcecode.swift; path = GRID.swift; sourceTree = "<group>"; };
		FC65D5F529F5DDF000767204 /* uploadview.swift */ = {isa = PBXFileReference; lastKnownFileType = sourcecode.swift; path = uploadview.swift; sourceTree = "<group>"; };
		FC65D5F829F5DE0C00767204 /* Reels.swift */ = {isa = PBXFileReference; lastKnownFileType = sourcecode.swift; path = Reels.swift; sourceTree = "<group>"; };
		FC65D5FB29F5DE6400767204 /* addnewaccount.swift */ = {isa = PBXFileReference; lastKnownFileType = sourcecode.swift; path = addnewaccount.swift; sourceTree = "<group>"; };
		FC65D5FE29F5DE9400767204 /* profileview.swift */ = {isa = PBXFileReference; lastKnownFileType = sourcecode.swift; path = profileview.swift; sourceTree = "<group>"; };
		FC65D60029F5DEAD00767204 /* editing.swift */ = {isa = PBXFileReference; lastKnownFileType = sourcecode.swift; path = editing.swift; sourceTree = "<group>"; };
		FC65D60229F5DECA00767204 /* Followers.swift */ = {isa = PBXFileReference; lastKnownFileType = sourcecode.swift; path = Followers.swift; sourceTree = "<group>"; };
		FC65D60529F5DF7100767204 /* notificationView.swift */ = {isa = PBXFileReference; lastKnownFileType = sourcecode.swift; path = notificationView.swift; sourceTree = "<group>"; };
		FC65D60829F5E2D500767204 /* Main.swift */ = {isa = PBXFileReference; lastKnownFileType = sourcecode.swift; path = Main.swift; sourceTree = "<group>"; };
		FC65D60A29F5E42100767204 /* GoogleService-Info.plist */ = {isa = PBXFileReference; fileEncoding = 4; lastKnownFileType = text.plist.xml; path = "GoogleService-Info.plist"; sourceTree = "<group>"; };
		FC65D60C29F5E42700767204 /* GoogleService-Info.plist */ = {isa = PBXFileReference; lastKnownFileType = text.plist.xml; path = "GoogleService-Info.plist"; sourceTree = "<group>"; };
		FC65D61B29F5E57D00767204 /* LOGINVIEW.swift */ = {isa = PBXFileReference; lastKnownFileType = sourcecode.swift; path = LOGINVIEW.swift; sourceTree = "<group>"; };
		FC65D61E29F5E65D00767204 /* Info.plist */ = {isa = PBXFileReference; lastKnownFileType = text.plist; path = Info.plist; sourceTree = "<group>"; };
		FC65D61F29F5E7ED00767204 /* GreatVibes-Regular.ttf */ = {isa = PBXFileReference; lastKnownFileType = file; path = "GreatVibes-Regular.ttf"; sourceTree = "<group>"; };
		FC65D62129F5F20900767204 /* signup.swift */ = {isa = PBXFileReference; lastKnownFileType = sourcecode.swift; path = signup.swift; sourceTree = "<group>"; };
		FC65D62329F6122E00767204 /* Authviewmodel.swift */ = {isa = PBXFileReference; lastKnownFileType = sourcecode.swift; path = Authviewmodel.swift; sourceTree = "<group>"; };
		FC65D63229F6F1A100767204 /* usersearchview.swift */ = {isa = PBXFileReference; lastKnownFileType = sourcecode.swift; path = usersearchview.swift; sourceTree = "<group>"; };
		FC65D63629F6F24900767204 /* User.swift */ = {isa = PBXFileReference; lastKnownFileType = sourcecode.swift; path = User.swift; sourceTree = "<group>"; };
		FC65D63829F6F2D000767204 /* fetchUserviewmodel.swift */ = {isa = PBXFileReference; lastKnownFileType = sourcecode.swift; path = fetchUserviewmodel.swift; sourceTree = "<group>"; };
		FC65D63A29F6F4EC00767204 /* allusers.swift */ = {isa = PBXFileReference; lastKnownFileType = sourcecode.swift; path = allusers.swift; sourceTree = "<group>"; };
		FC65D63C29F703AD00767204 /* profilebutton.swift */ = {isa = PBXFileReference; lastKnownFileType = sourcecode.swift; path = profilebutton.swift; sourceTree = "<group>"; };
		FC65D63E29F709AD00767204 /* countview.swift */ = {isa = PBXFileReference; lastKnownFileType = sourcecode.swift; path = countview.swift; sourceTree = "<group>"; };
		FC65D64129F71D2E00767204 /* Firebasepicker.swift */ = {isa = PBXFileReference; lastKnownFileType = sourcecode.swift; path = Firebasepicker.swift; sourceTree = "<group>"; };
		FC65D64329F71D3700767204 /* imagepickers.swift */ = {isa = PBXFileReference; lastKnownFileType = sourcecode.swift; path = imagepickers.swift; sourceTree = "<group>"; };
		FC65D64729F7250E00767204 /* uploadmodel.swift */ = {isa = PBXFileReference; lastKnownFileType = sourcecode.swift; path = uploadmodel.swift; sourceTree = "<group>"; };
		FC65D64929F726BF00767204 /* uploadviewmodel.swift */ = {isa = PBXFileReference; lastKnownFileType = sourcecode.swift; path = uploadviewmodel.swift; sourceTree = "<group>"; };
		FC65D64B29F72FFE00767204 /* fetchposts.swift */ = {isa = PBXFileReference; lastKnownFileType = sourcecode.swift; path = fetchposts.swift; sourceTree = "<group>"; };
		FC65D65029F737AB00767204 /* Tagpeople.swift */ = {isa = PBXFileReference; lastKnownFileType = sourcecode.swift; path = Tagpeople.swift; sourceTree = "<group>"; };
		FC65D65429F745F700767204 /* taggedsheet.swift */ = {isa = PBXFileReference; lastKnownFileType = sourcecode.swift; path = taggedsheet.swift; sourceTree = "<group>"; };
		FC65D65629F74AAB00767204 /* od.swift */ = {isa = PBXFileReference; lastKnownFileType = sourcecode.swift; path = od.swift; sourceTree = "<group>"; };
		FC65D65929F8427400767204 /* Likes.swift */ = {isa = PBXFileReference; lastKnownFileType = sourcecode.swift; path = Likes.swift; sourceTree = "<group>"; };
		FC65D65C29F8A01100767204 /* commentview.swift */ = {isa = PBXFileReference; lastKnownFileType = sourcecode.swift; path = commentview.swift; sourceTree = "<group>"; };
		FC65D65E29F982AA00767204 /* onecomment.swift */ = {isa = PBXFileReference; lastKnownFileType = sourcecode.swift; path = onecomment.swift; sourceTree = "<group>"; };
		FC65D66029F987A700767204 /* coomentReply.swift */ = {isa = PBXFileReference; lastKnownFileType = sourcecode.swift; path = coomentReply.swift; sourceTree = "<group>"; };
		FC9FED7E29F98DCB005A92E3 /* commentviewmodel.swift */ = {isa = PBXFileReference; lastKnownFileType = sourcecode.swift; path = commentviewmodel.swift; sourceTree = "<group>"; };
		FC9FED8029F9B3E8005A92E3 /* commentmodel.swift */ = {isa = PBXFileReference; lastKnownFileType = sourcecode.swift; path = commentmodel.swift; sourceTree = "<group>"; };
		FC9FED8429F9D1E5005A92E3 /* CommentsExperimentview.swift */ = {isa = PBXFileReference; lastKnownFileType = sourcecode.swift; path = CommentsExperimentview.swift; sourceTree = "<group>"; };
		FC9FED8629F9D775005A92E3 /* commentreplyviewmodel.swift */ = {isa = PBXFileReference; lastKnownFileType = sourcecode.swift; path = commentreplyviewmodel.swift; sourceTree = "<group>"; };
		FC9FED8829F9F1D8005A92E3 /* commentreplymodel2.swift */ = {isa = PBXFileReference; lastKnownFileType = sourcecode.swift; path = commentreplymodel2.swift; sourceTree = "<group>"; };
		FC9FED8A29FA0043005A92E3 /* commentreply.swift */ = {isa = PBXFileReference; lastKnownFileType = sourcecode.swift; path = commentreply.swift; sourceTree = "<group>"; };
		FCAFC40629FB2E9300594A5A /* GreatVibes-Regular.ttf */ = {isa = PBXFileReference; lastKnownFileType = file; name = "GreatVibes-Regular.ttf"; path = "../../../../Great_Vibes/GreatVibes-Regular.ttf"; sourceTree = "<group>"; };
		FCAFC40929FB2FEB00594A5A /* profilefilter.swift */ = {isa = PBXFileReference; lastKnownFileType = sourcecode.swift; path = profilefilter.swift; sourceTree = "<group>"; };
		FCAFC40B29FB301E00594A5A /* profulefilteeview.swift */ = {isa = PBXFileReference; lastKnownFileType = sourcecode.swift; path = profulefilteeview.swift; sourceTree = "<group>"; };
		FCAFC40D29FB305100594A5A /* gridowmphotos.swift */ = {isa = PBXFileReference; lastKnownFileType = sourcecode.swift; path = gridowmphotos.swift; sourceTree = "<group>"; };
		FCAFC40F29FB308000594A5A /* fetchownposts.swift */ = {isa = PBXFileReference; lastKnownFileType = sourcecode.swift; path = fetchownposts.swift; sourceTree = "<group>"; };
/* End PBXFileReference section */

/* Begin PBXFrameworksBuildPhase section */
		FC65D5C529F5DA8900767204 /* Frameworks */ = {
			isa = PBXFrameworksBuildPhase;
			buildActionMask = 2147483647;
			files = (
				FC65D62929F614F300767204 /* FirebaseDatabase in Frameworks */,
				FC65D62729F614F300767204 /* FirebaseAuth in Frameworks */,
				FC65D64F29F7340C00767204 /* Kingfisher in Frameworks */,
				FC65D62F29F614F300767204 /* FirebaseFunctions in Frameworks */,
				FC65D62B29F614F300767204 /* FirebaseFirestore in Frameworks */,
				FC65D62D29F614F300767204 /* FirebaseFirestoreSwift in Frameworks */,
				FC65D63129F614F300767204 /* FirebaseStorage in Frameworks */,
			);
			runOnlyForDeploymentPostprocessing = 0;
		};
/* End PBXFrameworksBuildPhase section */

/* Begin PBXGroup section */
		FC65D5BF29F5DA8900767204 = {
			isa = PBXGroup;
			children = (
				FC65D5CA29F5DA8900767204 /* CLONE */,
				FC65D5C929F5DA8900767204 /* Products */,
			);
			sourceTree = "<group>";
		};
		FC65D5C929F5DA8900767204 /* Products */ = {
			isa = PBXGroup;
			children = (
				FC65D5C829F5DA8900767204 /* CLONE.app */,
			);
			name = Products;
			sourceTree = "<group>";
		};
		FC65D5CA29F5DA8900767204 /* CLONE */ = {
			isa = PBXGroup;
			children = (
				FC65D61E29F5E65D00767204 /* Info.plist */,
				FC65D5CB29F5DA8900767204 /* CLONEApp.swift */,
				FC65D5CD29F5DA8900767204 /* ContentView.swift */,
				FC65D5CF29F5DA8A00767204 /* Assets.xcassets */,
				FC65D64029F71D1C00767204 /* imagpicker */,
				FC65D63429F6F21900767204 /* model */,
				FC65D63529F6F22500767204 /* viewmodels */,
				FC65D5D929F5DA9100767204 /* VIEWS */,
				FC65D5FA29F5DE1400767204 /* profileview */,
				FC65D5D129F5DA8A00767204 /* Preview Content */,
			);
			path = CLONE;
			sourceTree = "<group>";
		};
		FC65D5D129F5DA8A00767204 /* Preview Content */ = {
			isa = PBXGroup;
			children = (
				FC65D60A29F5E42100767204 /* GoogleService-Info.plist */,
				FC65D5D229F5DA8A00767204 /* Preview Assets.xcassets */,
			);
			path = "Preview Content";
			sourceTree = "<group>";
		};
		FC65D5D929F5DA9100767204 /* VIEWS */ = {
			isa = PBXGroup;
			children = (
				FC65D5DA29F5DAA400767204 /* Home.swift */,
				FC65D5DC29F5DAC400767204 /* postview.swift */,
				FC65D5DE29F5DAF800767204 /* postinfo.swift */,
				FC65D5E029F5DB1500767204 /* frameview2.swift */,
				FC65D5E229F5DB4900767204 /* symbolview.swift */,
				FC65D5E429F5DB5B00767204 /* symbolview2.swift */,
				FC65D5E629F5DB8000767204 /* ENUMVIEW.swift */,
				FC65D65429F745F700767204 /* taggedsheet.swift */,
				FC65D65629F74AAB00767204 /* od.swift */,
				FC65D65B29F89FFA00767204 /* CommentView */,
				FC65D60729F5E2BD00767204 /* Main */,
				FC65D5E829F5DBA800767204 /* STATUS */,
				FC65D5ED29F5DD5600767204 /* SERACHVIEW */,
				FC65D5F229F5DDC000767204 /* UPLOAD */,
				FC65D5F729F5DE0000767204 /* Reels */,
				FC65D60429F5DF5500767204 /* notificationview */,
			);
			path = VIEWS;
			sourceTree = "<group>";
		};
		FC65D5E829F5DBA800767204 /* STATUS */ = {
			isa = PBXGroup;
			children = (
				FC65D5E929F5DBD600767204 /* STATUSVIEW.swift */,
				FC65D5EB29F5DBF000767204 /* INSTAGRAMtOPVIEW.swift */,
			);
			path = STATUS;
			sourceTree = "<group>";
		};
		FC65D5ED29F5DD5600767204 /* SERACHVIEW */ = {
			isa = PBXGroup;
			children = (
				FC65D5EE29F5DD6F00767204 /* SEARCHVIEW.swift */,
				FC65D5F029F5DD8D00767204 /* GRID.swift */,
				FC65D63A29F6F4EC00767204 /* allusers.swift */,
				FC65D63229F6F1A100767204 /* usersearchview.swift */,
			);
			path = SERACHVIEW;
			sourceTree = "<group>";
		};
		FC65D5F229F5DDC000767204 /* UPLOAD */ = {
			isa = PBXGroup;
			children = (
				FC65D65829F840E400767204 /* Likes */,
				FC65D64629F724EF00767204 /* uploadviewmodel */,
				FC65D5F529F5DDF000767204 /* uploadview.swift */,
			);
			path = UPLOAD;
			sourceTree = "<group>";
		};
		FC65D5F729F5DE0000767204 /* Reels */ = {
			isa = PBXGroup;
			children = (
				FC65D5F829F5DE0C00767204 /* Reels.swift */,
			);
			path = Reels;
			sourceTree = "<group>";
		};
		FC65D5FA29F5DE1400767204 /* profileview */ = {
			isa = PBXGroup;
			children = (
				FC65D5FB29F5DE6400767204 /* addnewaccount.swift */,
				FCAFC40829FB2FDB00594A5A /* filter */,
				FC65D5FD29F5DE8700767204 /* profile */,
				FC65D60C29F5E42700767204 /* GoogleService-Info.plist */,
			);
			path = profileview;
			sourceTree = "<group>";
		};
		FC65D5FD29F5DE8700767204 /* profile */ = {
			isa = PBXGroup;
			children = (
				FC65D5FE29F5DE9400767204 /* profileview.swift */,
				FC65D60029F5DEAD00767204 /* editing.swift */,
				FC65D60229F5DECA00767204 /* Followers.swift */,
				FC65D63C29F703AD00767204 /* profilebutton.swift */,
				FC65D63E29F709AD00767204 /* countview.swift */,
				FC65D61A29F5E54500767204 /* Authview */,
			);
			path = profile;
			sourceTree = "<group>";
		};
		FC65D60429F5DF5500767204 /* notificationview */ = {
			isa = PBXGroup;
			children = (
				FCAFC40629FB2E9300594A5A /* GreatVibes-Regular.ttf */,
				FC65D60529F5DF7100767204 /* notificationView.swift */,
			);
			path = notificationview;
			sourceTree = "<group>";
		};
		FC65D60729F5E2BD00767204 /* Main */ = {
			isa = PBXGroup;
			children = (
				FC65D60829F5E2D500767204 /* Main.swift */,
			);
			path = Main;
			sourceTree = "<group>";
		};
		FC65D61A29F5E54500767204 /* Authview */ = {
			isa = PBXGroup;
			children = (
				FC65D61B29F5E57D00767204 /* LOGINVIEW.swift */,
				FC65D62129F5F20900767204 /* signup.swift */,
				FC65D62329F6122E00767204 /* Authviewmodel.swift */,
				FC65D61F29F5E7ED00767204 /* GreatVibes-Regular.ttf */,
			);
			path = Authview;
			sourceTree = "<group>";
		};
		FC65D63429F6F21900767204 /* model */ = {
			isa = PBXGroup;
			children = (
				FC65D63629F6F24900767204 /* User.swift */,
			);
			path = model;
			sourceTree = "<group>";
		};
		FC65D63529F6F22500767204 /* viewmodels */ = {
			isa = PBXGroup;
			children = (
				FC65D63829F6F2D000767204 /* fetchUserviewmodel.swift */,
			);
			path = viewmodels;
			sourceTree = "<group>";
		};
		FC65D64029F71D1C00767204 /* imagpicker */ = {
			isa = PBXGroup;
			children = (
				FC65D64129F71D2E00767204 /* Firebasepicker.swift */,
				FC65D64329F71D3700767204 /* imagepickers.swift */,
			);
			path = imagpicker;
			sourceTree = "<group>";
		};
		FC65D64629F724EF00767204 /* uploadviewmodel */ = {
			isa = PBXGroup;
			children = (
				FC65D64729F7250E00767204 /* uploadmodel.swift */,
				FC65D64929F726BF00767204 /* uploadviewmodel.swift */,
				FC65D64B29F72FFE00767204 /* fetchposts.swift */,
				FC65D65029F737AB00767204 /* Tagpeople.swift */,
			);
			path = uploadviewmodel;
			sourceTree = "<group>";
		};
		FC65D65829F840E400767204 /* Likes */ = {
			isa = PBXGroup;
			children = (
				FC65D65929F8427400767204 /* Likes.swift */,
			);
			path = Likes;
			sourceTree = "<group>";
		};
		FC65D65B29F89FFA00767204 /* CommentView */ = {
			isa = PBXGroup;
			children = (
				FC65D65C29F8A01100767204 /* commentview.swift */,
				FC65D65E29F982AA00767204 /* onecomment.swift */,
				FC65D66029F987A700767204 /* coomentReply.swift */,
				FC9FED7D29F98DB0005A92E3 /* viewmodel */,
			);
			path = CommentView;
			sourceTree = "<group>";
		};
		FC9FED7D29F98DB0005A92E3 /* viewmodel */ = {
			isa = PBXGroup;
			children = (
				FC9FED7E29F98DCB005A92E3 /* commentviewmodel.swift */,
				FC9FED8029F9B3E8005A92E3 /* commentmodel.swift */,
				FC9FED8A29FA0043005A92E3 /* commentreply.swift */,
				FC9FED8429F9D1E5005A92E3 /* CommentsExperimentview.swift */,
				FC9FED8629F9D775005A92E3 /* commentreplyviewmodel.swift */,
				FC9FED8829F9F1D8005A92E3 /* commentreplymodel2.swift */,
			);
			path = viewmodel;
			sourceTree = "<group>";
		};
		FCAFC40829FB2FDB00594A5A /* filter */ = {
			isa = PBXGroup;
			children = (
				FCAFC40929FB2FEB00594A5A /* profilefilter.swift */,
				FCAFC40B29FB301E00594A5A /* profulefilteeview.swift */,
				FCAFC40D29FB305100594A5A /* gridowmphotos.swift */,
				FCAFC40F29FB308000594A5A /* fetchownposts.swift */,
			);
			path = filter;
			sourceTree = "<group>";
		};
/* End PBXGroup section */

/* Begin PBXNativeTarget section */
		FC65D5C729F5DA8900767204 /* CLONE */ = {
			isa = PBXNativeTarget;
			buildConfigurationList = FC65D5D629F5DA8A00767204 /* Build configuration list for PBXNativeTarget "CLONE" */;
			buildPhases = (
				FC65D5C429F5DA8900767204 /* Sources */,
				FC65D5C529F5DA8900767204 /* Frameworks */,
				FC65D5C629F5DA8900767204 /* Resources */,
			);
			buildRules = (
			);
			dependencies = (
			);
			name = CLONE;
			packageProductDependencies = (
				FC65D62629F614F300767204 /* FirebaseAuth */,
				FC65D62829F614F300767204 /* FirebaseDatabase */,
				FC65D62A29F614F300767204 /* FirebaseFirestore */,
				FC65D62C29F614F300767204 /* FirebaseFirestoreSwift */,
				FC65D62E29F614F300767204 /* FirebaseFunctions */,
				FC65D63029F614F300767204 /* FirebaseStorage */,
				FC65D64E29F7340C00767204 /* Kingfisher */,
			);
			productName = CLONE;
			productReference = FC65D5C829F5DA8900767204 /* CLONE.app */;
			productType = "com.apple.product-type.application";
		};
/* End PBXNativeTarget section */

/* Begin PBXProject section */
		FC65D5C029F5DA8900767204 /* Project object */ = {
			isa = PBXProject;
			attributes = {
				BuildIndependentTargetsInParallel = 1;
				LastSwiftUpdateCheck = 1430;
				LastUpgradeCheck = 1430;
				TargetAttributes = {
					FC65D5C729F5DA8900767204 = {
						CreatedOnToolsVersion = 14.3;
					};
				};
			};
			buildConfigurationList = FC65D5C329F5DA8900767204 /* Build configuration list for PBXProject "CLONE" */;
			compatibilityVersion = "Xcode 14.0";
			developmentRegion = en;
			hasScannedForEncodings = 0;
			knownRegions = (
				en,
				Base,
			);
			mainGroup = FC65D5BF29F5DA8900767204;
			packageReferences = (
				FC65D62529F614F300767204 /* XCRemoteSwiftPackageReference "firebase-ios-sdk" */,
				FC65D64D29F7340C00767204 /* XCRemoteSwiftPackageReference "Kingfisher" */,
			);
			productRefGroup = FC65D5C929F5DA8900767204 /* Products */;
			projectDirPath = "";
			projectRoot = "";
			targets = (
				FC65D5C729F5DA8900767204 /* CLONE */,
			);
		};
/* End PBXProject section */

/* Begin PBXResourcesBuildPhase section */
		FC65D5C629F5DA8900767204 /* Resources */ = {
			isa = PBXResourcesBuildPhase;
			buildActionMask = 2147483647;
			files = (
				FC65D5D329F5DA8A00767204 /* Preview Assets.xcassets in Resources */,
				FC65D62029F5E7ED00767204 /* GreatVibes-Regular.ttf in Resources */,
				FC65D5D029F5DA8A00767204 /* Assets.xcassets in Resources */,
				FC65D60B29F5E42100767204 /* GoogleService-Info.plist in Resources */,
			);
			runOnlyForDeploymentPostprocessing = 0;
		};
/* End PBXResourcesBuildPhase section */

/* Begin PBXSourcesBuildPhase section */
		FC65D5C429F5DA8900767204 /* Sources */ = {
			isa = PBXSourcesBuildPhase;
			buildActionMask = 2147483647;
			files = (
				FC65D65729F74AAB00767204 /* od.swift in Sources */,
				FC65D63729F6F24900767204 /* User.swift in Sources */,
				FC65D65D29F8A01100767204 /* commentview.swift in Sources */,
				FC65D64429F71D3700767204 /* imagepickers.swift in Sources */,
				FC65D64229F71D2E00767204 /* Firebasepicker.swift in Sources */,
				FC65D65A29F8427400767204 /* Likes.swift in Sources */,
				FC65D63929F6F2D000767204 /* fetchUserviewmodel.swift in Sources */,
				FC65D5F929F5DE0C00767204 /* Reels.swift in Sources */,
				FC65D5F129F5DD8D00767204 /* GRID.swift in Sources */,
				FC65D5FF29F5DE9400767204 /* profileview.swift in Sources */,
				FC65D62229F5F20900767204 /* signup.swift in Sources */,
				FC65D63329F6F1A100767204 /* usersearchview.swift in Sources */,
				FC9FED8B29FA0044005A92E3 /* commentreply.swift in Sources */,
				FC9FED8929F9F1D8005A92E3 /* commentreplymodel2.swift in Sources */,
				FC65D62429F6122F00767204 /* Authviewmodel.swift in Sources */,
				FC65D63F29F709AD00767204 /* countview.swift in Sources */,
				FC65D63B29F6F4EC00767204 /* allusers.swift in Sources */,
				FC65D65529F745F700767204 /* taggedsheet.swift in Sources */,
				FC65D5EF29F5DD6F00767204 /* SEARCHVIEW.swift in Sources */,
				FC9FED8129F9B3E8005A92E3 /* commentmodel.swift in Sources */,
				FC9FED7F29F98DCB005A92E3 /* commentviewmodel.swift in Sources */,
				FC65D60129F5DEAD00767204 /* editing.swift in Sources */,
				FC65D66129F987A700767204 /* coomentReply.swift in Sources */,
				FC65D5CE29F5DA8900767204 /* ContentView.swift in Sources */,
				FC65D5E129F5DB1500767204 /* frameview2.swift in Sources */,
				FC65D60629F5DF7100767204 /* notificationView.swift in Sources */,
				FC65D5DB29F5DAA400767204 /* Home.swift in Sources */,
				FC65D5E729F5DB8000767204 /* ENUMVIEW.swift in Sources */,
				FC9FED8529F9D1E5005A92E3 /* CommentsExperimentview.swift in Sources */,
				FC65D5EA29F5DBD600767204 /* STATUSVIEW.swift in Sources */,
				FC65D5DD29F5DAC400767204 /* postview.swift in Sources */,
				FC65D60929F5E2D500767204 /* Main.swift in Sources */,
				FC65D65F29F982AA00767204 /* onecomment.swift in Sources */,
				FC65D64C29F72FFE00767204 /* fetchposts.swift in Sources */,
				FC65D5DF29F5DAF800767204 /* postinfo.swift in Sources */,
				FCAFC40A29FB2FEB00594A5A /* profilefilter.swift in Sources */,
				FC65D5EC29F5DBF000767204 /* INSTAGRAMtOPVIEW.swift in Sources */,
				FC65D5CC29F5DA8900767204 /* CLONEApp.swift in Sources */,
				FC65D5F629F5DDF000767204 /* uploadview.swift in Sources */,
				FC9FED8729F9D775005A92E3 /* commentreplyviewmodel.swift in Sources */,
				FC65D65129F737AB00767204 /* Tagpeople.swift in Sources */,
				FCAFC41029FB308000594A5A /* fetchownposts.swift in Sources */,
				FC65D64829F7250E00767204 /* uploadmodel.swift in Sources */,
				FCAFC40E29FB305100594A5A /* gridowmphotos.swift in Sources */,
				FC65D64A29F726BF00767204 /* uploadviewmodel.swift in Sources */,
				FC65D63D29F703AD00767204 /* profilebutton.swift in Sources */,
				FC65D5E329F5DB4900767204 /* symbolview.swift in Sources */,
				FCAFC40C29FB301E00594A5A /* profulefilteeview.swift in Sources */,
				FC65D5FC29F5DE6400767204 /* addnewaccount.swift in Sources */,
				FC65D5E529F5DB5B00767204 /* symbolview2.swift in Sources */,
				FC65D61C29F5E57D00767204 /* LOGINVIEW.swift in Sources */,
				FC65D60329F5DECA00767204 /* Followers.swift in Sources */,
			);
			runOnlyForDeploymentPostprocessing = 0;
		};
/* End PBXSourcesBuildPhase section */

/* Begin XCBuildConfiguration section */
		FC65D5D429F5DA8A00767204 /* Debug */ = {
			isa = XCBuildConfiguration;
			buildSettings = {
				ALWAYS_SEARCH_USER_PATHS = NO;
				CLANG_ANALYZER_NONNULL = YES;
				CLANG_ANALYZER_NUMBER_OBJECT_CONVERSION = YES_AGGRESSIVE;
				CLANG_CXX_LANGUAGE_STANDARD = "gnu++20";
				CLANG_ENABLE_MODULES = YES;
				CLANG_ENABLE_OBJC_ARC = YES;
				CLANG_ENABLE_OBJC_WEAK = YES;
				CLANG_WARN_BLOCK_CAPTURE_AUTORELEASING = YES;
				CLANG_WARN_BOOL_CONVERSION = YES;
				CLANG_WARN_COMMA = YES;
				CLANG_WARN_CONSTANT_CONVERSION = YES;
				CLANG_WARN_DEPRECATED_OBJC_IMPLEMENTATIONS = YES;
				CLANG_WARN_DIRECT_OBJC_ISA_USAGE = YES_ERROR;
				CLANG_WARN_DOCUMENTATION_COMMENTS = YES;
				CLANG_WARN_EMPTY_BODY = YES;
				CLANG_WARN_ENUM_CONVERSION = YES;
				CLANG_WARN_INFINITE_RECURSION = YES;
				CLANG_WARN_INT_CONVERSION = YES;
				CLANG_WARN_NON_LITERAL_NULL_CONVERSION = YES;
				CLANG_WARN_OBJC_IMPLICIT_RETAIN_SELF = YES;
				CLANG_WARN_OBJC_LITERAL_CONVERSION = YES;
				CLANG_WARN_OBJC_ROOT_CLASS = YES_ERROR;
				CLANG_WARN_QUOTED_INCLUDE_IN_FRAMEWORK_HEADER = YES;
				CLANG_WARN_RANGE_LOOP_ANALYSIS = YES;
				CLANG_WARN_STRICT_PROTOTYPES = YES;
				CLANG_WARN_SUSPICIOUS_MOVE = YES;
				CLANG_WARN_UNGUARDED_AVAILABILITY = YES_AGGRESSIVE;
				CLANG_WARN_UNREACHABLE_CODE = YES;
				CLANG_WARN__DUPLICATE_METHOD_MATCH = YES;
				COPY_PHASE_STRIP = NO;
				DEBUG_INFORMATION_FORMAT = dwarf;
				ENABLE_STRICT_OBJC_MSGSEND = YES;
				ENABLE_TESTABILITY = YES;
				GCC_C_LANGUAGE_STANDARD = gnu11;
				GCC_DYNAMIC_NO_PIC = NO;
				GCC_NO_COMMON_BLOCKS = YES;
				GCC_OPTIMIZATION_LEVEL = 0;
				GCC_PREPROCESSOR_DEFINITIONS = (
					"DEBUG=1",
					"$(inherited)",
				);
				GCC_WARN_64_TO_32_BIT_CONVERSION = YES;
				GCC_WARN_ABOUT_RETURN_TYPE = YES_ERROR;
				GCC_WARN_UNDECLARED_SELECTOR = YES;
				GCC_WARN_UNINITIALIZED_AUTOS = YES_AGGRESSIVE;
				GCC_WARN_UNUSED_FUNCTION = YES;
				GCC_WARN_UNUSED_VARIABLE = YES;
				IPHONEOS_DEPLOYMENT_TARGET = 16.4;
				MTL_ENABLE_DEBUG_INFO = INCLUDE_SOURCE;
				MTL_FAST_MATH = YES;
				ONLY_ACTIVE_ARCH = YES;
				SDKROOT = iphoneos;
				SWIFT_ACTIVE_COMPILATION_CONDITIONS = DEBUG;
				SWIFT_OPTIMIZATION_LEVEL = "-Onone";
			};
			name = Debug;
		};
		FC65D5D529F5DA8A00767204 /* Release */ = {
			isa = XCBuildConfiguration;
			buildSettings = {
				ALWAYS_SEARCH_USER_PATHS = NO;
				CLANG_ANALYZER_NONNULL = YES;
				CLANG_ANALYZER_NUMBER_OBJECT_CONVERSION = YES_AGGRESSIVE;
				CLANG_CXX_LANGUAGE_STANDARD = "gnu++20";
				CLANG_ENABLE_MODULES = YES;
				CLANG_ENABLE_OBJC_ARC = YES;
				CLANG_ENABLE_OBJC_WEAK = YES;
				CLANG_WARN_BLOCK_CAPTURE_AUTORELEASING = YES;
				CLANG_WARN_BOOL_CONVERSION = YES;
				CLANG_WARN_COMMA = YES;
				CLANG_WARN_CONSTANT_CONVERSION = YES;
				CLANG_WARN_DEPRECATED_OBJC_IMPLEMENTATIONS = YES;
				CLANG_WARN_DIRECT_OBJC_ISA_USAGE = YES_ERROR;
				CLANG_WARN_DOCUMENTATION_COMMENTS = YES;
				CLANG_WARN_EMPTY_BODY = YES;
				CLANG_WARN_ENUM_CONVERSION = YES;
				CLANG_WARN_INFINITE_RECURSION = YES;
				CLANG_WARN_INT_CONVERSION = YES;
				CLANG_WARN_NON_LITERAL_NULL_CONVERSION = YES;
				CLANG_WARN_OBJC_IMPLICIT_RETAIN_SELF = YES;
				CLANG_WARN_OBJC_LITERAL_CONVERSION = YES;
				CLANG_WARN_OBJC_ROOT_CLASS = YES_ERROR;
				CLANG_WARN_QUOTED_INCLUDE_IN_FRAMEWORK_HEADER = YES;
				CLANG_WARN_RANGE_LOOP_ANALYSIS = YES;
				CLANG_WARN_STRICT_PROTOTYPES = YES;
				CLANG_WARN_SUSPICIOUS_MOVE = YES;
				CLANG_WARN_UNGUARDED_AVAILABILITY = YES_AGGRESSIVE;
				CLANG_WARN_UNREACHABLE_CODE = YES;
				CLANG_WARN__DUPLICATE_METHOD_MATCH = YES;
				COPY_PHASE_STRIP = NO;
				DEBUG_INFORMATION_FORMAT = "dwarf-with-dsym";
				ENABLE_NS_ASSERTIONS = NO;
				ENABLE_STRICT_OBJC_MSGSEND = YES;
				GCC_C_LANGUAGE_STANDARD = gnu11;
				GCC_NO_COMMON_BLOCKS = YES;
				GCC_WARN_64_TO_32_BIT_CONVERSION = YES;
				GCC_WARN_ABOUT_RETURN_TYPE = YES_ERROR;
				GCC_WARN_UNDECLARED_SELECTOR = YES;
				GCC_WARN_UNINITIALIZED_AUTOS = YES_AGGRESSIVE;
				GCC_WARN_UNUSED_FUNCTION = YES;
				GCC_WARN_UNUSED_VARIABLE = YES;
				IPHONEOS_DEPLOYMENT_TARGET = 16.4;
				MTL_ENABLE_DEBUG_INFO = NO;
				MTL_FAST_MATH = YES;
				SDKROOT = iphoneos;
				SWIFT_COMPILATION_MODE = wholemodule;
				SWIFT_OPTIMIZATION_LEVEL = "-O";
				VALIDATE_PRODUCT = YES;
			};
			name = Release;
		};
		FC65D5D729F5DA8A00767204 /* Debug */ = {
			isa = XCBuildConfiguration;
			buildSettings = {
				ASSETCATALOG_COMPILER_APPICON_NAME = AppIcon;
				ASSETCATALOG_COMPILER_GLOBAL_ACCENT_COLOR_NAME = AccentColor;
				CODE_SIGN_STYLE = Automatic;
				CURRENT_PROJECT_VERSION = 1;
				DEVELOPMENT_ASSET_PATHS = "\"CLONE/Preview Content\"";
				DEVELOPMENT_TEAM = 6VJRD45224;
				ENABLE_PREVIEWS = YES;
				GENERATE_INFOPLIST_FILE = YES;
				INFOPLIST_FILE = CLONE/Info.plist;
				INFOPLIST_KEY_UIApplicationSceneManifest_Generation = YES;
				INFOPLIST_KEY_UIApplicationSupportsIndirectInputEvents = YES;
				INFOPLIST_KEY_UILaunchScreen_Generation = YES;
				INFOPLIST_KEY_UISupportedInterfaceOrientations_iPad = "UIInterfaceOrientationPortrait UIInterfaceOrientationPortraitUpsideDown UIInterfaceOrientationLandscapeLeft UIInterfaceOrientationLandscapeRight";
				INFOPLIST_KEY_UISupportedInterfaceOrientations_iPhone = "UIInterfaceOrientationPortrait UIInterfaceOrientationLandscapeLeft UIInterfaceOrientationLandscapeRight";
				LD_RUNPATH_SEARCH_PATHS = (
					"$(inherited)",
					"@executable_path/Frameworks",
				);
				MARKETING_VERSION = 1.0;
				PRODUCT_BUNDLE_IDENTIFIER = com.sukumar.CLONE;
				PRODUCT_NAME = "$(TARGET_NAME)";
				SWIFT_EMIT_LOC_STRINGS = YES;
				SWIFT_VERSION = 5.0;
				TARGETED_DEVICE_FAMILY = "1,2";
			};
			name = Debug;
		};
		FC65D5D829F5DA8A00767204 /* Release */ = {
			isa = XCBuildConfiguration;
			buildSettings = {
				ASSETCATALOG_COMPILER_APPICON_NAME = AppIcon;
				ASSETCATALOG_COMPILER_GLOBAL_ACCENT_COLOR_NAME = AccentColor;
				CODE_SIGN_STYLE = Automatic;
				CURRENT_PROJECT_VERSION = 1;
				DEVELOPMENT_ASSET_PATHS = "\"CLONE/Preview Content\"";
				DEVELOPMENT_TEAM = 6VJRD45224;
				ENABLE_PREVIEWS = YES;
				GENERATE_INFOPLIST_FILE = YES;
				INFOPLIST_FILE = CLONE/Info.plist;
				INFOPLIST_KEY_UIApplicationSceneManifest_Generation = YES;
				INFOPLIST_KEY_UIApplicationSupportsIndirectInputEvents = YES;
				INFOPLIST_KEY_UILaunchScreen_Generation = YES;
				INFOPLIST_KEY_UISupportedInterfaceOrientations_iPad = "UIInterfaceOrientationPortrait UIInterfaceOrientationPortraitUpsideDown UIInterfaceOrientationLandscapeLeft UIInterfaceOrientationLandscapeRight";
				INFOPLIST_KEY_UISupportedInterfaceOrientations_iPhone = "UIInterfaceOrientationPortrait UIInterfaceOrientationLandscapeLeft UIInterfaceOrientationLandscapeRight";
				LD_RUNPATH_SEARCH_PATHS = (
					"$(inherited)",
					"@executable_path/Frameworks",
				);
				MARKETING_VERSION = 1.0;
				PRODUCT_BUNDLE_IDENTIFIER = com.sukumar.CLONE;
				PRODUCT_NAME = "$(TARGET_NAME)";
				SWIFT_EMIT_LOC_STRINGS = YES;
				SWIFT_VERSION = 5.0;
				TARGETED_DEVICE_FAMILY = "1,2";
			};
			name = Release;
		};
/* End XCBuildConfiguration section */

/* Begin XCConfigurationList section */
		FC65D5C329F5DA8900767204 /* Build configuration list for PBXProject "CLONE" */ = {
			isa = XCConfigurationList;
			buildConfigurations = (
				FC65D5D429F5DA8A00767204 /* Debug */,
				FC65D5D529F5DA8A00767204 /* Release */,
			);
			defaultConfigurationIsVisible = 0;
			defaultConfigurationName = Release;
		};
		FC65D5D629F5DA8A00767204 /* Build configuration list for PBXNativeTarget "CLONE" */ = {
			isa = XCConfigurationList;
			buildConfigurations = (
				FC65D5D729F5DA8A00767204 /* Debug */,
				FC65D5D829F5DA8A00767204 /* Release */,
			);
			defaultConfigurationIsVisible = 0;
			defaultConfigurationName = Release;
		};
/* End XCConfigurationList section */

/* Begin XCRemoteSwiftPackageReference section */
		FC65D62529F614F300767204 /* XCRemoteSwiftPackageReference "firebase-ios-sdk" */ = {
			isa = XCRemoteSwiftPackageReference;
			repositoryURL = "https://github.com/firebase/firebase-ios-sdk.git";
			requirement = {
				kind = upToNextMajorVersion;
				minimumVersion = 10.0.0;
			};
		};
		FC65D64D29F7340C00767204 /* XCRemoteSwiftPackageReference "Kingfisher" */ = {
			isa = XCRemoteSwiftPackageReference;
			repositoryURL = "https://github.com/onevcat/Kingfisher.git";
			requirement = {
				kind = upToNextMajorVersion;
				minimumVersion = 7.0.0;
			};
		};
/* End XCRemoteSwiftPackageReference section */

/* Begin XCSwiftPackageProductDependency section */
		FC65D62629F614F300767204 /* FirebaseAuth */ = {
			isa = XCSwiftPackageProductDependency;
			package = FC65D62529F614F300767204 /* XCRemoteSwiftPackageReference "firebase-ios-sdk" */;
			productName = FirebaseAuth;
		};
		FC65D62829F614F300767204 /* FirebaseDatabase */ = {
			isa = XCSwiftPackageProductDependency;
			package = FC65D62529F614F300767204 /* XCRemoteSwiftPackageReference "firebase-ios-sdk" */;
			productName = FirebaseDatabase;
		};
		FC65D62A29F614F300767204 /* FirebaseFirestore */ = {
			isa = XCSwiftPackageProductDependency;
			package = FC65D62529F614F300767204 /* XCRemoteSwiftPackageReference "firebase-ios-sdk" */;
			productName = FirebaseFirestore;
		};
		FC65D62C29F614F300767204 /* FirebaseFirestoreSwift */ = {
			isa = XCSwiftPackageProductDependency;
			package = FC65D62529F614F300767204 /* XCRemoteSwiftPackageReference "firebase-ios-sdk" */;
			productName = FirebaseFirestoreSwift;
		};
		FC65D62E29F614F300767204 /* FirebaseFunctions */ = {
			isa = XCSwiftPackageProductDependency;
			package = FC65D62529F614F300767204 /* XCRemoteSwiftPackageReference "firebase-ios-sdk" */;
			productName = FirebaseFunctions;
		};
		FC65D63029F614F300767204 /* FirebaseStorage */ = {
			isa = XCSwiftPackageProductDependency;
			package = FC65D62529F614F300767204 /* XCRemoteSwiftPackageReference "firebase-ios-sdk" */;
			productName = FirebaseStorage;
		};
		FC65D64E29F7340C00767204 /* Kingfisher */ = {
			isa = XCSwiftPackageProductDependency;
			package = FC65D64D29F7340C00767204 /* XCRemoteSwiftPackageReference "Kingfisher" */;
			productName = Kingfisher;
		};
/* End XCSwiftPackageProductDependency section */
	};
	rootObject = FC65D5C029F5DA8900767204 /* Project object */;
}
